
Microsoft Visual Studio Solution File, Format Version 12.00
# Visual Studio 15
VisualStudioVersion = 15.0.27428.2015
MinimumVisualStudioVersion = 10.0.40219.1
Project("{8BC9CEB8-8B4A-11D0-8D11-00A0C91BC942}") = "180328SAX", "180328SAX\180328SAX.vcxproj", "{331C1A48-3F3C-445B-9F58-8B82AA90ACFA}"
EndProject
Global
	GlobalSection(SolutionConfigurationPlatforms) = preSolution
		Debug|x64 = Debug|x64
		Debug|x86 = Debug|x86
		Release|x64 = Release|x64
		Release|x86 = Release|x86
	EndGlobalSection
	GlobalSection(ProjectConfigurationPlatforms) = postSolution
		{331C1A48-3F3C-445B-9F58-8B82AA90ACFA}.Debug|x64.ActiveCfg = Debug|x64
		{331C1A48-3F3C-445B-9F58-8B82AA90ACFA}.Debug|x64.Build.0 = Debug|x64
		{331C1A48-3F3C-445B-9F58-8B82AA90ACFA}.Debug|x86.ActiveCfg = Debug|Win32
		{331C1A48-3F3C-445B-9F58-8B82AA90ACFA}.Debug|x86.Build.0 = Debug|Win32
		{331C1A48-3F3C-445B-9F58-8B82AA90ACFA}.Release|x64.ActiveCfg = Release|x64
		{331C1A48-3F3C-445B-9F58-8B82AA90ACFA}.Release|x64.Build.0 = Release|x64
		{331C1A48-3F3C-445B-9F58-8B82AA90ACFA}.Release|x86.ActiveCfg = Release|Win32
		{331C1A48-3F3C-445B-9F58-8B82AA90ACFA}.Release|x86.Build.0 = Release|Win32
	EndGlobalSection
	GlobalSection(SolutionProperties) = preSolution
		HideSolutionNode = FALSE
	EndGlobalSection
	GlobalSection(ExtensibilityGlobals) = postSolution
		SolutionGuid = {00147420-DB11-41CB-B115-F7567A5AE259}
	EndGlobalSection
EndGlobal
